{
  "name": "client",
  "version": "1.0.0",
  "lockfileVersion": 3,
  "requires": true,
  "packages": {
    "": {
      "name": "client",
      "version": "1.0.0",
      "license": "ISC",
      "dependencies": {
        "@trpc/client": "^10.38.0",
        "undici": "^5.23.0"
      },
      "devDependencies": {
        "@types/node": "^20.5.7"
      }
    },
    "node_modules/@trpc/client": {
      "version": "10.38.0",
      "resolved": "https://registry.npmjs.org/@trpc/client/-/client-10.38.0.tgz",
      "integrity": "sha512-+uFQeyzVBoWDYt0Oyj+hLUJeBJjMyj/yxfm9s23EU+Y50YZVRSnB9dmAfI6jAAcehJubNLu2NH+jyEJrOen+aA==",
      "funding": [
        "https://trpc.io/sponsor"
      ],
      "peerDependencies": {
        "@trpc/server": "10.38.0"
      }
    },
    "node_modules/@types/node": {
      "version": "20.5.7",
      "resolved": "https://registry.npmjs.org/@types/node/-/node-20.5.7.tgz",
      "integrity": "sha512-dP7f3LdZIysZnmvP3ANJYTSwg+wLLl8p7RqniVlV7j+oXSXAbt9h0WIBFmJy5inWZoX9wZN6eXx+YXd9Rh3RBA==",
      "dev": true
    },
    "node_modules/busboy": {
      "version": "1.6.0",
      "resolved": "https://registry.npmjs.org/busboy/-/busboy-1.6.0.tgz",
      "integrity": "sha512-8SFQbg/0hQ9xy3UNTB0YEnsNBbWfhf7RtnzpL7TkBiTBRfrQ9Fxcnz7VJsleJpyp6rVLvXiuORqjlHi5q+PYuA==",
      "dependencies": {
        "streamsearch": "^1.1.0"
      },
      "engines": {
        "node": ">=10.16.0"
      }
    },
    "node_modules/streamsearch": {
      "version": "1.1.0",
      "resolved": "https://registry.npmjs.org/streamsearch/-/streamsearch-1.1.0.tgz",
      "integrity": "sha512-Mcc5wHehp9aXz1ax6bZUyY5afg9u2rv5cqQI3mRrYkGC8rW2hM02jWuwjtL++LS5qinSyhj2QfLyNsuc+VsExg==",
      "engines": {
        "node": ">=10.0.0"
      }
    },
    "node_modules/undici": {
      "version": "5.23.0",
      "resolved": "https://registry.npmjs.org/undici/-/undici-5.23.0.tgz",
      "integrity": "sha512-1D7w+fvRsqlQ9GscLBwcAJinqcZGHUKjbOmXdlE/v8BvEGXjeWAax+341q44EuTcHXXnfyKNbKRq4Lg7OzhMmg==",
      "dependencies": {
        "busboy": "^1.6.0"
      },
      "engines": {
        "node": ">=14.0"
      }
    }
  }
}
