{
  "name": "server",
  "version": "1.0.0",
  "lockfileVersion": 3,
  "requires": true,
  "packages": {
    "": {
      "name": "server",
      "version": "1.0.0",
      "license": "ISC",
      "dependencies": {
        "@trpc/server": "^10.38.0",
        "zod": "^3.22.2"
      }
    },
    "node_modules/@trpc/server": {
      "version": "10.38.0",
      "resolved": "https://registry.npmjs.org/@trpc/server/-/server-10.38.0.tgz",
      "integrity": "sha512-uMjWTMhqOPVmdiqPFOYwsdQ6Vzy8FtRcgM+ld3OrHsD88NiwZ1BWNIC6KwffjgrgLG/uKBFzNNKntLryv0NamQ==",
      "funding": [
        "https://trpc.io/sponsor"
      ]
    },
    "node_modules/zod": {
      "version": "3.22.2",
      "resolved": "https://registry.npmjs.org/zod/-/zod-3.22.2.tgz",
      "integrity": "sha512-wvWkphh5WQsJbVk1tbx1l1Ly4yg+XecD+Mq280uBGt9wa5BKSWf4Mhp6GmrkPixhMxmabYY7RbzlwVP32pbGCg==",
      "funding": {
        "url": "https://github.com/sponsors/colinhacks"
      }
    }
  }
}
